
Microsoft Visual Studio Solution File, Format Version 12.00
# Visual Studio 15
VisualStudioVersion = 15.0.27703.1
MinimumVisualStudioVersion = 10.0.40219.1
Project("{8BC9CEB8-8B4A-11D0-8D11-00A0C91BC942}") = "Core", "Core\Core.vcxproj", "{10CBD4DC-3EF9-4D17-A0A8-88EC76ED59A2}"
EndProject
Project("{8BC9CEB8-8B4A-11D0-8D11-00A0C91BC942}") = "UnitTests", "UnitTests\UnitTests.vcxproj", "{D08822D6-1711-41D1-B4FE-A5BE27712CAD}"
	ProjectSection(ProjectDependencies) = postProject
		{9E235A7E-A59B-49A6-89CD-044E24FA10C8} = {9E235A7E-A59B-49A6-89CD-044E24FA10C8}
		{BEF88DA3-8D9C-4F6A-9EA8-813BBA9B6C9C} = {BEF88DA3-8D9C-4F6A-9EA8-813BBA9B6C9C}
		{10CBD4DC-3EF9-4D17-A0A8-88EC76ED59A2} = {10CBD4DC-3EF9-4D17-A0A8-88EC76ED59A2}
	EndProjectSection
EndProject
Project("{8BC9CEB8-8B4A-11D0-8D11-00A0C91BC942}") = "Platform", "Platform\Platform.vcxproj", "{BEF88DA3-8D9C-4F6A-9EA8-813BBA9B6C9C}"
	ProjectSection(ProjectDependencies) = postProject
		{10CBD4DC-3EF9-4D17-A0A8-88EC76ED59A2} = {10CBD4DC-3EF9-4D17-A0A8-88EC76ED59A2}
	EndProjectSection
EndProject
Project("{8BC9CEB8-8B4A-11D0-8D11-00A0C91BC942}") = "Misc", "Misc\Misc.vcxproj", "{9E235A7E-A59B-49A6-89CD-044E24FA10C8}"
EndProject
Global
	GlobalSection(SolutionConfigurationPlatforms) = preSolution
		Debug|x64 = Debug|x64
		Debug|x86 = Debug|x86
		Release|x64 = Release|x64
		Release|x86 = Release|x86
		ReleaseXP|x64 = ReleaseXP|x64
		ReleaseXP|x86 = ReleaseXP|x86
	EndGlobalSection
	GlobalSection(ProjectConfigurationPlatforms) = postSolution
		{10CBD4DC-3EF9-4D17-A0A8-88EC76ED59A2}.Debug|x64.ActiveCfg = Debug|x64
		{10CBD4DC-3EF9-4D17-A0A8-88EC76ED59A2}.Debug|x64.Build.0 = Debug|x64
		{10CBD4DC-3EF9-4D17-A0A8-88EC76ED59A2}.Debug|x86.ActiveCfg = Debug|Win32
		{10CBD4DC-3EF9-4D17-A0A8-88EC76ED59A2}.Debug|x86.Build.0 = Debug|Win32
		{10CBD4DC-3EF9-4D17-A0A8-88EC76ED59A2}.Release|x64.ActiveCfg = Release|x64
		{10CBD4DC-3EF9-4D17-A0A8-88EC76ED59A2}.Release|x64.Build.0 = Release|x64
		{10CBD4DC-3EF9-4D17-A0A8-88EC76ED59A2}.Release|x86.ActiveCfg = Release|Win32
		{10CBD4DC-3EF9-4D17-A0A8-88EC76ED59A2}.Release|x86.Build.0 = Release|Win32
		{10CBD4DC-3EF9-4D17-A0A8-88EC76ED59A2}.ReleaseXP|x64.ActiveCfg = ReleaseXP|x64
		{10CBD4DC-3EF9-4D17-A0A8-88EC76ED59A2}.ReleaseXP|x64.Build.0 = ReleaseXP|x64
		{10CBD4DC-3EF9-4D17-A0A8-88EC76ED59A2}.ReleaseXP|x86.ActiveCfg = ReleaseXP|Win32
		{10CBD4DC-3EF9-4D17-A0A8-88EC76ED59A2}.ReleaseXP|x86.Build.0 = ReleaseXP|Win32
		{D08822D6-1711-41D1-B4FE-A5BE27712CAD}.Debug|x64.ActiveCfg = Debug|x64
		{D08822D6-1711-41D1-B4FE-A5BE27712CAD}.Debug|x64.Build.0 = Debug|x64
		{D08822D6-1711-41D1-B4FE-A5BE27712CAD}.Debug|x86.ActiveCfg = Debug|Win32
		{D08822D6-1711-41D1-B4FE-A5BE27712CAD}.Debug|x86.Build.0 = Debug|Win32
		{D08822D6-1711-41D1-B4FE-A5BE27712CAD}.Release|x64.ActiveCfg = Release|x64
		{D08822D6-1711-41D1-B4FE-A5BE27712CAD}.Release|x64.Build.0 = Release|x64
		{D08822D6-1711-41D1-B4FE-A5BE27712CAD}.Release|x86.ActiveCfg = Release|Win32
		{D08822D6-1711-41D1-B4FE-A5BE27712CAD}.Release|x86.Build.0 = Release|Win32
		{D08822D6-1711-41D1-B4FE-A5BE27712CAD}.ReleaseXP|x64.ActiveCfg = ReleaseXP|x64
		{D08822D6-1711-41D1-B4FE-A5BE27712CAD}.ReleaseXP|x64.Build.0 = ReleaseXP|x64
		{D08822D6-1711-41D1-B4FE-A5BE27712CAD}.ReleaseXP|x86.ActiveCfg = ReleaseXP|Win32
		{D08822D6-1711-41D1-B4FE-A5BE27712CAD}.ReleaseXP|x86.Build.0 = ReleaseXP|Win32
		{BEF88DA3-8D9C-4F6A-9EA8-813BBA9B6C9C}.Debug|x64.ActiveCfg = Debug|x64
		{BEF88DA3-8D9C-4F6A-9EA8-813BBA9B6C9C}.Debug|x64.Build.0 = Debug|x64
		{BEF88DA3-8D9C-4F6A-9EA8-813BBA9B6C9C}.Debug|x86.ActiveCfg = Debug|Win32
		{BEF88DA3-8D9C-4F6A-9EA8-813BBA9B6C9C}.Debug|x86.Build.0 = Debug|Win32
		{BEF88DA3-8D9C-4F6A-9EA8-813BBA9B6C9C}.Release|x64.ActiveCfg = Release|x64
		{BEF88DA3-8D9C-4F6A-9EA8-813BBA9B6C9C}.Release|x64.Build.0 = Release|x64
		{BEF88DA3-8D9C-4F6A-9EA8-813BBA9B6C9C}.Release|x86.ActiveCfg = Release|Win32
		{BEF88DA3-8D9C-4F6A-9EA8-813BBA9B6C9C}.Release|x86.Build.0 = Release|Win32
		{BEF88DA3-8D9C-4F6A-9EA8-813BBA9B6C9C}.ReleaseXP|x64.ActiveCfg = ReleaseXP|x64
		{BEF88DA3-8D9C-4F6A-9EA8-813BBA9B6C9C}.ReleaseXP|x64.Build.0 = ReleaseXP|x64
		{BEF88DA3-8D9C-4F6A-9EA8-813BBA9B6C9C}.ReleaseXP|x86.ActiveCfg = ReleaseXP|Win32
		{BEF88DA3-8D9C-4F6A-9EA8-813BBA9B6C9C}.ReleaseXP|x86.Build.0 = ReleaseXP|Win32
		{9E235A7E-A59B-49A6-89CD-044E24FA10C8}.Debug|x64.ActiveCfg = Debug|x64
		{9E235A7E-A59B-49A6-89CD-044E24FA10C8}.Debug|x64.Build.0 = Debug|x64
		{9E235A7E-A59B-49A6-89CD-044E24FA10C8}.Debug|x86.ActiveCfg = Debug|Win32
		{9E235A7E-A59B-49A6-89CD-044E24FA10C8}.Debug|x86.Build.0 = Debug|Win32
		{9E235A7E-A59B-49A6-89CD-044E24FA10C8}.Release|x64.ActiveCfg = Release|x64
		{9E235A7E-A59B-49A6-89CD-044E24FA10C8}.Release|x64.Build.0 = Release|x64
		{9E235A7E-A59B-49A6-89CD-044E24FA10C8}.Release|x86.ActiveCfg = Release|Win32
		{9E235A7E-A59B-49A6-89CD-044E24FA10C8}.Release|x86.Build.0 = Release|Win32
		{9E235A7E-A59B-49A6-89CD-044E24FA10C8}.ReleaseXP|x64.ActiveCfg = ReleaseXP|x64
		{9E235A7E-A59B-49A6-89CD-044E24FA10C8}.ReleaseXP|x64.Build.0 = ReleaseXP|x64
		{9E235A7E-A59B-49A6-89CD-044E24FA10C8}.ReleaseXP|x86.ActiveCfg = ReleaseXP|Win32
		{9E235A7E-A59B-49A6-89CD-044E24FA10C8}.ReleaseXP|x86.Build.0 = ReleaseXP|Win32
	EndGlobalSection
	GlobalSection(SolutionProperties) = preSolution
		HideSolutionNode = FALSE
	EndGlobalSection
	GlobalSection(ExtensibilityGlobals) = postSolution
		SolutionGuid = {E999EFC0-0233-4D44-8363-06B6F6E5E779}
	EndGlobalSection
EndGlobal
