<?xml version="1.0" encoding="utf-8"?>
<Project ToolsVersion="4.0" xmlns="http://schemas.microsoft.com/developer/msbuild/2003">
  <ItemGroup>
    <Filter Include="Source Files">
      <UniqueIdentifier>{4FC737F1-C7A5-4376-A066-2A32D752A2FF}</UniqueIdentifier>
      <Extensions>cpp;c;cc;cxx;def;odl;idl;hpj;bat;asm;asmx</Extensions>
    </Filter>
    <Filter Include="Header Files">
      <UniqueIdentifier>{93995380-89BD-4b04-88EB-625FBE52EBFB}</UniqueIdentifier>
      <Extensions>h;hh;hpp;hxx;hm;inl;inc;ipp;xsd</Extensions>
    </Filter>
  </ItemGroup>
  <ItemGroup>
    <ClInclude Include="VirtualMemory.hpp">
      <Filter>Header Files</Filter>
    </ClInclude>
    <ClInclude Include="StdPlatformAbstractionLib.hpp">
      <Filter>Header Files</Filter>
    </ClInclude>
    <ClInclude Include="FilePath.hpp">
      <Filter>Header Files</Filter>
    </ClInclude>
    <ClInclude Include="PlatformAbstractionCoreTypes.hpp">
      <Filter>Header Files</Filter>
    </ClInclude>
    <ClInclude Include="FileToCFile.hpp">
      <Filter>Header Files</Filter>
    </ClInclude>
    <ClInclude Include="FileSystem.hpp">
      <Filter>Header Files</Filter>
    </ClInclude>
    <ClInclude Include="MemoryMappedFile.hpp">
      <Filter>Header Files</Filter>
    </ClInclude>
    <ClInclude Include="File.hpp">
      <Filter>Header Files</Filter>
    </ClInclude>
    <ClInclude Include="TimeMoment.hpp">
      <Filter>Header Files</Filter>
    </ClInclude>
    <ClInclude Include="_PreHeader.hpp">
      <Filter>Header Files</Filter>
    </ClInclude>
    <ClInclude Include="SystemInfo.hpp">
      <Filter>Header Files</Filter>
    </ClInclude>
  </ItemGroup>
  <ItemGroup>
    <ClCompile Include="Win_VirtualMemory.cpp">
      <Filter>Source Files</Filter>
    </ClCompile>
    <ClCompile Include="Posix_VirtualMemory.cpp">
      <Filter>Source Files</Filter>
    </ClCompile>
    <ClCompile Include="StdPlatformAbstractionLib.cpp">
      <Filter>Source Files</Filter>
    </ClCompile>
    <ClCompile Include="FilePath.cpp">
      <Filter>Source Files</Filter>
    </ClCompile>
    <ClCompile Include="FileToCFile.cpp">
      <Filter>Source Files</Filter>
    </ClCompile>
    <ClCompile Include="Posix_FileSystem.cpp">
      <Filter>Source Files</Filter>
    </ClCompile>
    <ClCompile Include="Win_FileSystem.cpp">
      <Filter>Source Files</Filter>
    </ClCompile>
    <ClCompile Include="Win_File.cpp">
      <Filter>Source Files</Filter>
    </ClCompile>
    <ClCompile Include="File.cpp">
      <Filter>Source Files</Filter>
    </ClCompile>
    <ClCompile Include="Posix_File.cpp">
      <Filter>Source Files</Filter>
    </ClCompile>
    <ClCompile Include="MemoryMappedFile.cpp">
      <Filter>Source Files</Filter>
    </ClCompile>
    <ClCompile Include="Win_MemoryMappedFile.cpp">
      <Filter>Source Files</Filter>
    </ClCompile>
    <ClCompile Include="Posix_MemoryMappedFile.cpp">
      <Filter>Source Files</Filter>
    </ClCompile>
    <ClCompile Include="Win_TimeMoment.cpp">
      <Filter>Source Files</Filter>
    </ClCompile>
    <ClCompile Include="Posix_TimeMoment.cpp">
      <Filter>Source Files</Filter>
    </ClCompile>
    <ClCompile Include="TimeMoment.cpp">
      <Filter>Source Files</Filter>
    </ClCompile>
    <ClCompile Include="_PreHeader.cpp">
      <Filter>Source Files</Filter>
    </ClCompile>
    <ClCompile Include="Win_SystemInfo.cpp">
      <Filter>Source Files</Filter>
    </ClCompile>
    <ClCompile Include="Posix_SystemInfo.cpp">
      <Filter>Source Files</Filter>
    </ClCompile>
  </ItemGroup>
</Project>