<?xml version="1.0" encoding="utf-8"?>
<Project ToolsVersion="4.0" xmlns="http://schemas.microsoft.com/developer/msbuild/2003">
  <ItemGroup>
    <Filter Include="Source Files">
      <UniqueIdentifier>{4FC737F1-C7A5-4376-A066-2A32D752A2FF}</UniqueIdentifier>
      <Extensions>cpp;c;cc;cxx;def;odl;idl;hpj;bat;asm;asmx</Extensions>
    </Filter>
    <Filter Include="Header Files">
      <UniqueIdentifier>{93995380-89BD-4b04-88EB-625FBE52EBFB}</UniqueIdentifier>
      <Extensions>h;hh;hpp;hxx;hm;inl;inc;ipp;xsd</Extensions>
    </Filter>
  </ItemGroup>
  <ItemGroup>
    <ClInclude Include="CompilerSpecific.hpp">
      <Filter>Header Files</Filter>
    </ClInclude>
    <ClInclude Include="GenericFuncs.hpp">
      <Filter>Header Files</Filter>
    </ClInclude>
    <ClInclude Include="CoreTypes.hpp">
      <Filter>Header Files</Filter>
    </ClInclude>
    <ClInclude Include="StdCoreLib.hpp">
      <Filter>Header Files</Filter>
    </ClInclude>
    <ClInclude Include="PlatformDefines.hpp">
      <Filter>Header Files</Filter>
    </ClInclude>
    <ClInclude Include="CoreDefines.hpp">
      <Filter>Header Files</Filter>
    </ClInclude>
    <ClInclude Include="ApproxMath.hpp">
      <Filter>Header Files</Filter>
    </ClInclude>
    <ClInclude Include="_MatrixMathFunctions.hpp">
      <Filter>Header Files</Filter>
    </ClInclude>
    <ClInclude Include="MathFunctions.hpp">
      <Filter>Header Files</Filter>
    </ClInclude>
    <ClInclude Include="MatrixMathTypes.hpp">
      <Filter>Header Files</Filter>
    </ClInclude>
    <ClInclude Include="CoreHeader.hpp">
      <Filter>Header Files</Filter>
    </ClInclude>
    <ClInclude Include="Error.hpp">
      <Filter>Header Files</Filter>
    </ClInclude>
    <ClInclude Include="_ErrorCodes.hpp">
      <Filter>Header Files</Filter>
    </ClInclude>
    <ClInclude Include="Result.hpp">
      <Filter>Header Files</Filter>
    </ClInclude>
    <ClInclude Include="IMemoryStream.hpp">
      <Filter>Header Files</Filter>
    </ClInclude>
    <ClInclude Include="Allocators.hpp">
      <Filter>Header Files</Filter>
    </ClInclude>
    <ClInclude Include="IFile.hpp">
      <Filter>Header Files</Filter>
    </ClInclude>
    <ClInclude Include="FileToMemoryStream.hpp">
      <Filter>Header Files</Filter>
    </ClInclude>
    <ClInclude Include="DataHolder.hpp">
      <Filter>Header Files</Filter>
    </ClInclude>
    <ClInclude Include="ListenerHandle.hpp">
      <Filter>Header Files</Filter>
    </ClInclude>
    <ClInclude Include="_PreHeader.hpp">
      <Filter>Header Files</Filter>
    </ClInclude>
    <ClInclude Include="HashFuncs.hpp">
      <Filter>Header Files</Filter>
    </ClInclude>
    <ClInclude Include="TypeIdentifiable.hpp">
      <Filter>Header Files</Filter>
    </ClInclude>
  </ItemGroup>
  <ItemGroup>
    <ClCompile Include="StdCoreLib.cpp">
      <Filter>Source Files</Filter>
    </ClCompile>
    <ClCompile Include="MatrixMathTypes.cpp">
      <Filter>Source Files</Filter>
    </ClCompile>
    <ClCompile Include="FileToMemoryStream.cpp">
      <Filter>Source Files</Filter>
    </ClCompile>
    <ClCompile Include="_PreHeader.cpp">
      <Filter>Source Files</Filter>
    </ClCompile>
  </ItemGroup>
</Project>